
Microsoft Visual Studio Solution File, Format Version 12.00
# Visual Studio 2013
VisualStudioVersion = 12.0.21005.1
MinimumVisualStudioVersion = 10.0.40219.1
Project("{FAE04EC0-301F-11D3-BF4B-00C04F79EFBC}") = "ArrayBasics1", "ArrayBasics\ArrayBasics1.csproj", "{F6A94466-CF64-4B92-AD67-C14C74D01491}"
EndProject
Project("{FAE04EC0-301F-11D3-BF4B-00C04F79EFBC}") = "CreatingArraysAndAssignment2", "CreatingArraysAndAssignment\CreatingArraysAndAssignment2.csproj", "{D906812F-42FA-4EA8-B684-288FFC903464}"
EndProject
Project("{FAE04EC0-301F-11D3-BF4B-00C04F79EFBC}") = "ArraySort3", "ArraySort\ArraySort3.csproj", "{88C52F80-8BA6-43E1-913E-AC65C523FB8F}"
EndProject
Project("{FAE04EC0-301F-11D3-BF4B-00C04F79EFBC}") = "PrimeCheck4", "PrimeCheck\PrimeCheck4.csproj", "{F09F0CBE-11E3-4BB8-B658-29081136E1D6}"
EndProject
Global
	GlobalSection(SolutionConfigurationPlatforms) = preSolution
		Debug|Any CPU = Debug|Any CPU
		Release|Any CPU = Release|Any CPU
	EndGlobalSection
	GlobalSection(ProjectConfigurationPlatforms) = postSolution
		{F6A94466-CF64-4B92-AD67-C14C74D01491}.Debug|Any CPU.ActiveCfg = Debug|Any CPU
		{F6A94466-CF64-4B92-AD67-C14C74D01491}.Debug|Any CPU.Build.0 = Debug|Any CPU
		{F6A94466-CF64-4B92-AD67-C14C74D01491}.Release|Any CPU.ActiveCfg = Release|Any CPU
		{F6A94466-CF64-4B92-AD67-C14C74D01491}.Release|Any CPU.Build.0 = Release|Any CPU
		{D906812F-42FA-4EA8-B684-288FFC903464}.Debug|Any CPU.ActiveCfg = Debug|Any CPU
		{D906812F-42FA-4EA8-B684-288FFC903464}.Debug|Any CPU.Build.0 = Debug|Any CPU
		{D906812F-42FA-4EA8-B684-288FFC903464}.Release|Any CPU.ActiveCfg = Release|Any CPU
		{D906812F-42FA-4EA8-B684-288FFC903464}.Release|Any CPU.Build.0 = Release|Any CPU
		{88C52F80-8BA6-43E1-913E-AC65C523FB8F}.Debug|Any CPU.ActiveCfg = Debug|Any CPU
		{88C52F80-8BA6-43E1-913E-AC65C523FB8F}.Debug|Any CPU.Build.0 = Debug|Any CPU
		{88C52F80-8BA6-43E1-913E-AC65C523FB8F}.Release|Any CPU.ActiveCfg = Release|Any CPU
		{88C52F80-8BA6-43E1-913E-AC65C523FB8F}.Release|Any CPU.Build.0 = Release|Any CPU
		{F09F0CBE-11E3-4BB8-B658-29081136E1D6}.Debug|Any CPU.ActiveCfg = Debug|Any CPU
		{F09F0CBE-11E3-4BB8-B658-29081136E1D6}.Debug|Any CPU.Build.0 = Debug|Any CPU
		{F09F0CBE-11E3-4BB8-B658-29081136E1D6}.Release|Any CPU.ActiveCfg = Release|Any CPU
		{F09F0CBE-11E3-4BB8-B658-29081136E1D6}.Release|Any CPU.Build.0 = Release|Any CPU
	EndGlobalSection
	GlobalSection(SolutionProperties) = preSolution
		HideSolutionNode = FALSE
	EndGlobalSection
EndGlobal
