
Microsoft Visual Studio Solution File, Format Version 12.00
# Visual Studio 2013
VisualStudioVersion = 12.0.21005.1
MinimumVisualStudioVersion = 10.0.40219.1
Project("{FAE04EC0-301F-11D3-BF4B-00C04F79EFBC}") = "20171026ProgrammingBasics", "20171026ProgrammingBasics\20171026ProgrammingBasics.csproj", "{AF661D09-441B-403F-8C26-925560022F93}"
EndProject
Project("{FAE04EC0-301F-11D3-BF4B-00C04F79EFBC}") = "ArithmeticOperationsAndOperators", "ArithmeticOperationsAndOperators\ArithmeticOperationsAndOperators.csproj", "{F594F592-904C-43CB-906C-249BF35E8439}"
EndProject
Project("{FAE04EC0-301F-11D3-BF4B-00C04F79EFBC}") = "CompareOperatorsAndOperations", "CompareOperatorsAndOperations\CompareOperatorsAndOperations.csproj", "{86F89FF5-CC5C-491C-8C39-A36AF8A4DF6F}"
EndProject
Project("{FAE04EC0-301F-11D3-BF4B-00C04F79EFBC}") = "DecisionStructure", "DecisionStructure\DecisionStructure.csproj", "{F98028FB-1203-456D-9F42-54E65618DE53}"
EndProject
Project("{FAE04EC0-301F-11D3-BF4B-00C04F79EFBC}") = "LogicalOperationsAndOperator", "LogicalOperationsAndOperator\LogicalOperationsAndOperator.csproj", "{FFB472E8-19F3-4BBE-A56B-A8A19E3010B1}"
EndProject
Project("{FAE04EC0-301F-11D3-BF4B-00C04F79EFBC}") = "LoopStructures", "LoopStructures\LoopStructures.csproj", "{3D2FBC69-3474-4915-B1C8-66F6875FE0F3}"
EndProject
Project("{FAE04EC0-301F-11D3-BF4B-00C04F79EFBC}") = "Variables", "Variables\Variables.csproj", "{63FB2BBF-9193-4D6C-81D9-171A079142E2}"
EndProject
Global
	GlobalSection(SolutionConfigurationPlatforms) = preSolution
		Debug|Any CPU = Debug|Any CPU
		Release|Any CPU = Release|Any CPU
	EndGlobalSection
	GlobalSection(ProjectConfigurationPlatforms) = postSolution
		{AF661D09-441B-403F-8C26-925560022F93}.Debug|Any CPU.ActiveCfg = Debug|Any CPU
		{AF661D09-441B-403F-8C26-925560022F93}.Debug|Any CPU.Build.0 = Debug|Any CPU
		{AF661D09-441B-403F-8C26-925560022F93}.Release|Any CPU.ActiveCfg = Release|Any CPU
		{AF661D09-441B-403F-8C26-925560022F93}.Release|Any CPU.Build.0 = Release|Any CPU
		{F594F592-904C-43CB-906C-249BF35E8439}.Debug|Any CPU.ActiveCfg = Debug|Any CPU
		{F594F592-904C-43CB-906C-249BF35E8439}.Debug|Any CPU.Build.0 = Debug|Any CPU
		{F594F592-904C-43CB-906C-249BF35E8439}.Release|Any CPU.ActiveCfg = Release|Any CPU
		{F594F592-904C-43CB-906C-249BF35E8439}.Release|Any CPU.Build.0 = Release|Any CPU
		{86F89FF5-CC5C-491C-8C39-A36AF8A4DF6F}.Debug|Any CPU.ActiveCfg = Debug|Any CPU
		{86F89FF5-CC5C-491C-8C39-A36AF8A4DF6F}.Debug|Any CPU.Build.0 = Debug|Any CPU
		{86F89FF5-CC5C-491C-8C39-A36AF8A4DF6F}.Release|Any CPU.ActiveCfg = Release|Any CPU
		{86F89FF5-CC5C-491C-8C39-A36AF8A4DF6F}.Release|Any CPU.Build.0 = Release|Any CPU
		{F98028FB-1203-456D-9F42-54E65618DE53}.Debug|Any CPU.ActiveCfg = Debug|Any CPU
		{F98028FB-1203-456D-9F42-54E65618DE53}.Debug|Any CPU.Build.0 = Debug|Any CPU
		{F98028FB-1203-456D-9F42-54E65618DE53}.Release|Any CPU.ActiveCfg = Release|Any CPU
		{F98028FB-1203-456D-9F42-54E65618DE53}.Release|Any CPU.Build.0 = Release|Any CPU
		{FFB472E8-19F3-4BBE-A56B-A8A19E3010B1}.Debug|Any CPU.ActiveCfg = Debug|Any CPU
		{FFB472E8-19F3-4BBE-A56B-A8A19E3010B1}.Debug|Any CPU.Build.0 = Debug|Any CPU
		{FFB472E8-19F3-4BBE-A56B-A8A19E3010B1}.Release|Any CPU.ActiveCfg = Release|Any CPU
		{FFB472E8-19F3-4BBE-A56B-A8A19E3010B1}.Release|Any CPU.Build.0 = Release|Any CPU
		{3D2FBC69-3474-4915-B1C8-66F6875FE0F3}.Debug|Any CPU.ActiveCfg = Debug|Any CPU
		{3D2FBC69-3474-4915-B1C8-66F6875FE0F3}.Debug|Any CPU.Build.0 = Debug|Any CPU
		{3D2FBC69-3474-4915-B1C8-66F6875FE0F3}.Release|Any CPU.ActiveCfg = Release|Any CPU
		{3D2FBC69-3474-4915-B1C8-66F6875FE0F3}.Release|Any CPU.Build.0 = Release|Any CPU
		{63FB2BBF-9193-4D6C-81D9-171A079142E2}.Debug|Any CPU.ActiveCfg = Debug|Any CPU
		{63FB2BBF-9193-4D6C-81D9-171A079142E2}.Debug|Any CPU.Build.0 = Debug|Any CPU
		{63FB2BBF-9193-4D6C-81D9-171A079142E2}.Release|Any CPU.ActiveCfg = Release|Any CPU
		{63FB2BBF-9193-4D6C-81D9-171A079142E2}.Release|Any CPU.Build.0 = Release|Any CPU
	EndGlobalSection
	GlobalSection(SolutionProperties) = preSolution
		HideSolutionNode = FALSE
	EndGlobalSection
EndGlobal
